// !$*UTF8*$!
{
	archiveVersion = 1;
	classes = {
	};
	objectVersion = 56;
	objects = {

/* Begin PBXBuildFile section */
		5C3F88FE2BB14EC400826A0D /* SpeechDemoApp.swift in Sources */ = {isa = PBXBuildFile; fileRef = 5C3F88FD2BB14EC400826A0D /* SpeechDemoApp.swift */; };
		5C3F89002BB14EC400826A0D /* ContentView.swift in Sources */ = {isa = PBXBuildFile; fileRef = 5C3F88FF2BB14EC400826A0D /* ContentView.swift */; };
		5C3F89022BB14EC400826A0D /* Item.swift in Sources */ = {isa = PBXBuildFile; fileRef = 5C3F89012BB14EC400826A0D /* Item.swift */; };
		5C3F89042BB14EC600826A0D /* Assets.xcassets in Resources */ = {isa = PBXBuildFile; fileRef = 5C3F89032BB14EC600826A0D /* Assets.xcassets */; };
		5C3F89072BB14EC600826A0D /* Preview Assets.xcassets in Resources */ = {isa = PBXBuildFile; fileRef = 5C3F89062BB14EC600826A0D /* Preview Assets.xcassets */; };
		5C3F89112BB14EC600826A0D /* SpeechDemoTests.swift in Sources */ = {isa = PBXBuildFile; fileRef = 5C3F89102BB14EC600826A0D /* SpeechDemoTests.swift */; };
		5C3F891B2BB14EC600826A0D /* SpeechDemoUITests.swift in Sources */ = {isa = PBXBuildFile; fileRef = 5C3F891A2BB14EC600826A0D /* SpeechDemoUITests.swift */; };
		5C3F891D2BB14EC600826A0D /* SpeechDemoUITestsLaunchTests.swift in Sources */ = {isa = PBXBuildFile; fileRef = 5C3F891C2BB14EC600826A0D /* SpeechDemoUITestsLaunchTests.swift */; };
/* End PBXBuildFile section */

/* Begin PBXContainerItemProxy section */
		5C3F890D2BB14EC600826A0D /* PBXContainerItemProxy */ = {
			isa = PBXContainerItemProxy;
			containerPortal = 5C3F88F22BB14EC400826A0D /* Project object */;
			proxyType = 1;
			remoteGlobalIDString = 5C3F88F92BB14EC400826A0D;
			remoteInfo = SpeechDemo;
		};
		5C3F89172BB14EC600826A0D /* PBXContainerItemProxy */ = {
			isa = PBXContainerItemProxy;
			containerPortal = 5C3F88F22BB14EC400826A0D /* Project object */;
			proxyType = 1;
			remoteGlobalIDString = 5C3F88F92BB14EC400826A0D;
			remoteInfo = SpeechDemo;
		};
/* End PBXContainerItemProxy section */

/* Begin PBXFileReference section */
		5C3F88FA2BB14EC400826A0D /* SpeechDemo.app */ = {isa = PBXFileReference; explicitFileType = wrapper.application; includeInIndex = 0; path = SpeechDemo.app; sourceTree = BUILT_PRODUCTS_DIR; };
		5C3F88FD2BB14EC400826A0D /* SpeechDemoApp.swift */ = {isa = PBXFileReference; lastKnownFileType = sourcecode.swift; path = SpeechDemoApp.swift; sourceTree = "<group>"; };
		5C3F88FF2BB14EC400826A0D /* ContentView.swift */ = {isa = PBXFileReference; lastKnownFileType = sourcecode.swift; path = ContentView.swift; sourceTree = "<group>"; };
		5C3F89012BB14EC400826A0D /* Item.swift */ = {isa = PBXFileReference; lastKnownFileType = sourcecode.swift; path = Item.swift; sourceTree = "<group>"; };
		5C3F89032BB14EC600826A0D /* Assets.xcassets */ = {isa = PBXFileReference; lastKnownFileType = folder.assetcatalog; path = Assets.xcassets; sourceTree = "<group>"; };
		5C3F89062BB14EC600826A0D /* Preview Assets.xcassets */ = {isa = PBXFileReference; lastKnownFileType = folder.assetcatalog; path = "Preview Assets.xcassets"; sourceTree = "<group>"; };
		5C3F890C2BB14EC600826A0D /* SpeechDemoTests.xctest */ = {isa = PBXFileReference; explicitFileType = wrapper.cfbundle; includeInIndex = 0; path = SpeechDemoTests.xctest; sourceTree = BUILT_PRODUCTS_DIR; };
		5C3F89102BB14EC600826A0D /* SpeechDemoTests.swift */ = {isa = PBXFileReference; lastKnownFileType = sourcecode.swift; path = SpeechDemoTests.swift; sourceTree = "<group>"; };
		5C3F89162BB14EC600826A0D /* SpeechDemoUITests.xctest */ = {isa = PBXFileReference; explicitFileType = wrapper.cfbundle; includeInIndex = 0; path = SpeechDemoUITests.xctest; sourceTree = BUILT_PRODUCTS_DIR; };
		5C3F891A2BB14EC600826A0D /* SpeechDemoUITests.swift */ = {isa = PBXFileReference; lastKnownFileType = sourcecode.swift; path = SpeechDemoUITests.swift; sourceTree = "<group>"; };
		5C3F891C2BB14EC600826A0D /* SpeechDemoUITestsLaunchTests.swift */ = {isa = PBXFileReference; lastKnownFileType = sourcecode.swift; path = SpeechDemoUITestsLaunchTests.swift; sourceTree = "<group>"; };
		5C3F89292BB14F2E00826A0D /* Info.plist */ = {isa = PBXFileReference; lastKnownFileType = text.plist; path = Info.plist; sourceTree = "<group>"; };
/* End PBXFileReference section */

/* Begin PBXFrameworksBuildPhase section */
		5C3F88F72BB14EC400826A0D /* Frameworks */ = {
			isa = PBXFrameworksBuildPhase;
			buildActionMask = 2147483647;
			files = (
			);
			runOnlyForDeploymentPostprocessing = 0;
		};
		5C3F89092BB14EC600826A0D /* Frameworks */ = {
			isa = PBXFrameworksBuildPhase;
			buildActionMask = 2147483647;
			files = (
			);
			runOnlyForDeploymentPostprocessing = 0;
		};
		5C3F89132BB14EC600826A0D /* Frameworks */ = {
			isa = PBXFrameworksBuildPhase;
			buildActionMask = 2147483647;
			files = (
			);
			runOnlyForDeploymentPostprocessing = 0;
		};
/* End PBXFrameworksBuildPhase section */

/* Begin PBXGroup section */
		5C3F88F12BB14EC400826A0D = {
			isa = PBXGroup;
			children = (
				5C3F88FC2BB14EC400826A0D /* SpeechDemo */,
				5C3F890F2BB14EC600826A0D /* SpeechDemoTests */,
				5C3F89192BB14EC600826A0D /* SpeechDemoUITests */,
				5C3F88FB2BB14EC400826A0D /* Products */,
			);
			sourceTree = "<group>";
		};
		5C3F88FB2BB14EC400826A0D /* Products */ = {
			isa = PBXGroup;
			children = (
				5C3F88FA2BB14EC400826A0D /* SpeechDemo.app */,
				5C3F890C2BB14EC600826A0D /* SpeechDemoTests.xctest */,
				5C3F89162BB14EC600826A0D /* SpeechDemoUITests.xctest */,
			);
			name = Products;
			sourceTree = "<group>";
		};
		5C3F88FC2BB14EC400826A0D /* SpeechDemo */ = {
			isa = PBXGroup;
			children = (
				5C3F89292BB14F2E00826A0D /* Info.plist */,
				5C3F88FD2BB14EC400826A0D /* SpeechDemoApp.swift */,
				5C3F88FF2BB14EC400826A0D /* ContentView.swift */,
				5C3F89012BB14EC400826A0D /* Item.swift */,
				5C3F89032BB14EC600826A0D /* Assets.xcassets */,
				5C3F89052BB14EC600826A0D /* Preview Content */,
			);
			path = SpeechDemo;
			sourceTree = "<group>";
		};
		5C3F89052BB14EC600826A0D /* Preview Content */ = {
			isa = PBXGroup;
			children = (
				5C3F89062BB14EC600826A0D /* Preview Assets.xcassets */,
			);
			path = "Preview Content";
			sourceTree = "<group>";
		};
		5C3F890F2BB14EC600826A0D /* SpeechDemoTests */ = {
			isa = PBXGroup;
			children = (
				5C3F89102BB14EC600826A0D /* SpeechDemoTests.swift */,
			);
			path = SpeechDemoTests;
			sourceTree = "<group>";
		};
		5C3F89192BB14EC600826A0D /* SpeechDemoUITests */ = {
			isa = PBXGroup;
			children = (
				5C3F891A2BB14EC600826A0D /* SpeechDemoUITests.swift */,
				5C3F891C2BB14EC600826A0D /* SpeechDemoUITestsLaunchTests.swift */,
			);
			path = SpeechDemoUITests;
			sourceTree = "<group>";
		};
/* End PBXGroup section */

/* Begin PBXNativeTarget section */
		5C3F88F92BB14EC400826A0D /* SpeechDemo */ = {
			isa = PBXNativeTarget;
			buildConfigurationList = 5C3F89202BB14EC600826A0D /* Build configuration list for PBXNativeTarget "SpeechDemo" */;
			buildPhases = (
				5C3F88F62BB14EC400826A0D /* Sources */,
				5C3F88F72BB14EC400826A0D /* Frameworks */,
				5C3F88F82BB14EC400826A0D /* Resources */,
			);
			buildRules = (
			);
			dependencies = (
			);
			name = SpeechDemo;
			productName = SpeechDemo;
			productReference = 5C3F88FA2BB14EC400826A0D /* SpeechDemo.app */;
			productType = "com.apple.product-type.application";
		};
		5C3F890B2BB14EC600826A0D /* SpeechDemoTests */ = {
			isa = PBXNativeTarget;
			buildConfigurationList = 5C3F89232BB14EC600826A0D /* Build configuration list for PBXNativeTarget "SpeechDemoTests" */;
			buildPhases = (
				5C3F89082BB14EC600826A0D /* Sources */,
				5C3F89092BB14EC600826A0D /* Frameworks */,
				5C3F890A2BB14EC600826A0D /* Resources */,
			);
			buildRules = (
			);
			dependencies = (
				5C3F890E2BB14EC600826A0D /* PBXTargetDependency */,
			);
			name = SpeechDemoTests;
			productName = SpeechDemoTests;
			productReference = 5C3F890C2BB14EC600826A0D /* SpeechDemoTests.xctest */;
			productType = "com.apple.product-type.bundle.unit-test";
		};
		5C3F89152BB14EC600826A0D /* SpeechDemoUITests */ = {
			isa = PBXNativeTarget;
			buildConfigurationList = 5C3F89262BB14EC600826A0D /* Build configuration list for PBXNativeTarget "SpeechDemoUITests" */;
			buildPhases = (
				5C3F89122BB14EC600826A0D /* Sources */,
				5C3F89132BB14EC600826A0D /* Frameworks */,
				5C3F89142BB14EC600826A0D /* Resources */,
			);
			buildRules = (
			);
			dependencies = (
				5C3F89182BB14EC600826A0D /* PBXTargetDependency */,
			);
			name = SpeechDemoUITests;
			productName = SpeechDemoUITests;
			productReference = 5C3F89162BB14EC600826A0D /* SpeechDemoUITests.xctest */;
			productType = "com.apple.product-type.bundle.ui-testing";
		};
/* End PBXNativeTarget section */

/* Begin PBXProject section */
		5C3F88F22BB14EC400826A0D /* Project object */ = {
			isa = PBXProject;
			attributes = {
				BuildIndependentTargetsInParallel = 1;
				LastSwiftUpdateCheck = 1510;
				LastUpgradeCheck = 1510;
				TargetAttributes = {
					5C3F88F92BB14EC400826A0D = {
						CreatedOnToolsVersion = 15.1;
					};
					5C3F890B2BB14EC600826A0D = {
						CreatedOnToolsVersion = 15.1;
						TestTargetID = 5C3F88F92BB14EC400826A0D;
					};
					5C3F89152BB14EC600826A0D = {
						CreatedOnToolsVersion = 15.1;
						TestTargetID = 5C3F88F92BB14EC400826A0D;
					};
				};
			};
			buildConfigurationList = 5C3F88F52BB14EC400826A0D /* Build configuration list for PBXProject "SpeechDemo" */;
			compatibilityVersion = "Xcode 14.0";
			developmentRegion = en;
			hasScannedForEncodings = 0;
			knownRegions = (
				en,
				Base,
			);
			mainGroup = 5C3F88F12BB14EC400826A0D;
			productRefGroup = 5C3F88FB2BB14EC400826A0D /* Products */;
			projectDirPath = "";
			projectRoot = "";
			targets = (
				5C3F88F92BB14EC400826A0D /* SpeechDemo */,
				5C3F890B2BB14EC600826A0D /* SpeechDemoTests */,
				5C3F89152BB14EC600826A0D /* SpeechDemoUITests */,
			);
		};
/* End PBXProject section */

/* Begin PBXResourcesBuildPhase section */
		5C3F88F82BB14EC400826A0D /* Resources */ = {
			isa = PBXResourcesBuildPhase;
			buildActionMask = 2147483647;
			files = (
				5C3F89072BB14EC600826A0D /* Preview Assets.xcassets in Resources */,
				5C3F89042BB14EC600826A0D /* Assets.xcassets in Resources */,
			);
			runOnlyForDeploymentPostprocessing = 0;
		};
		5C3F890A2BB14EC600826A0D /* Resources */ = {
			isa = PBXResourcesBuildPhase;
			buildActionMask = 2147483647;
			files = (
			);
			runOnlyForDeploymentPostprocessing = 0;
		};
		5C3F89142BB14EC600826A0D /* Resources */ = {
			isa = PBXResourcesBuildPhase;
			buildActionMask = 2147483647;
			files = (
			);
			runOnlyForDeploymentPostprocessing = 0;
		};
/* End PBXResourcesBuildPhase section */

/* Begin PBXSourcesBuildPhase section */
		5C3F88F62BB14EC400826A0D /* Sources */ = {
			isa = PBXSourcesBuildPhase;
			buildActionMask = 2147483647;
			files = (
				5C3F89002BB14EC400826A0D /* ContentView.swift in Sources */,
				5C3F89022BB14EC400826A0D /* Item.swift in Sources */,
				5C3F88FE2BB14EC400826A0D /* SpeechDemoApp.swift in Sources */,
			);
			runOnlyForDeploymentPostprocessing = 0;
		};
		5C3F89082BB14EC600826A0D /* Sources */ = {
			isa = PBXSourcesBuildPhase;
			buildActionMask = 2147483647;
			files = (
				5C3F89112BB14EC600826A0D /* SpeechDemoTests.swift in Sources */,
			);
			runOnlyForDeploymentPostprocessing = 0;
		};
		5C3F89122BB14EC600826A0D /* Sources */ = {
			isa = PBXSourcesBuildPhase;
			buildActionMask = 2147483647;
			files = (
				5C3F891B2BB14EC600826A0D /* SpeechDemoUITests.swift in Sources */,
				5C3F891D2BB14EC600826A0D /* SpeechDemoUITestsLaunchTests.swift in Sources */,
			);
			runOnlyForDeploymentPostprocessing = 0;
		};
/* End PBXSourcesBuildPhase section */

/* Begin PBXTargetDependency section */
		5C3F890E2BB14EC600826A0D /* PBXTargetDependency */ = {
			isa = PBXTargetDependency;
			target = 5C3F88F92BB14EC400826A0D /* SpeechDemo */;
			targetProxy = 5C3F890D2BB14EC600826A0D /* PBXContainerItemProxy */;
		};
		5C3F89182BB14EC600826A0D /* PBXTargetDependency */ = {
			isa = PBXTargetDependency;
			target = 5C3F88F92BB14EC400826A0D /* SpeechDemo */;
			targetProxy = 5C3F89172BB14EC600826A0D /* PBXContainerItemProxy */;
		};
/* End PBXTargetDependency section */

/* Begin XCBuildConfiguration section */
		5C3F891E2BB14EC600826A0D /* Debug */ = {
			isa = XCBuildConfiguration;
			buildSettings = {
				ALWAYS_SEARCH_USER_PATHS = NO;
				ASSETCATALOG_COMPILER_GENERATE_SWIFT_ASSET_SYMBOL_EXTENSIONS = YES;
				CLANG_ANALYZER_NONNULL = YES;
				CLANG_ANALYZER_NUMBER_OBJECT_CONVERSION = YES_AGGRESSIVE;
				CLANG_CXX_LANGUAGE_STANDARD = "gnu++20";
				CLANG_ENABLE_MODULES = YES;
				CLANG_ENABLE_OBJC_ARC = YES;
				CLANG_ENABLE_OBJC_WEAK = YES;
				CLANG_WARN_BLOCK_CAPTURE_AUTORELEASING = YES;
				CLANG_WARN_BOOL_CONVERSION = YES;
				CLANG_WARN_COMMA = YES;
				CLANG_WARN_CONSTANT_CONVERSION = YES;
				CLANG_WARN_DEPRECATED_OBJC_IMPLEMENTATIONS = YES;
				CLANG_WARN_DIRECT_OBJC_ISA_USAGE = YES_ERROR;
				CLANG_WARN_DOCUMENTATION_COMMENTS = YES;
				CLANG_WARN_EMPTY_BODY = YES;
				CLANG_WARN_ENUM_CONVERSION = YES;
				CLANG_WARN_INFINITE_RECURSION = YES;
				CLANG_WARN_INT_CONVERSION = YES;
				CLANG_WARN_NON_LITERAL_NULL_CONVERSION = YES;
				CLANG_WARN_OBJC_IMPLICIT_RETAIN_SELF = YES;
				CLANG_WARN_OBJC_LITERAL_CONVERSION = YES;
				CLANG_WARN_OBJC_ROOT_CLASS = YES_ERROR;
				CLANG_WARN_QUOTED_INCLUDE_IN_FRAMEWORK_HEADER = YES;
				CLANG_WARN_RANGE_LOOP_ANALYSIS = YES;
				CLANG_WARN_STRICT_PROTOTYPES = YES;
				CLANG_WARN_SUSPICIOUS_MOVE = YES;
				CLANG_WARN_UNGUARDED_AVAILABILITY = YES_AGGRESSIVE;
				CLANG_WARN_UNREACHABLE_CODE = YES;
				CLANG_WARN__DUPLICATE_METHOD_MATCH = YES;
				COPY_PHASE_STRIP = NO;
				DEBUG_INFORMATION_FORMAT = dwarf;
				ENABLE_STRICT_OBJC_MSGSEND = YES;
				ENABLE_TESTABILITY = YES;
				ENABLE_USER_SCRIPT_SANDBOXING = YES;
				GCC_C_LANGUAGE_STANDARD = gnu17;
				GCC_DYNAMIC_NO_PIC = NO;
				GCC_NO_COMMON_BLOCKS = YES;
				GCC_OPTIMIZATION_LEVEL = 0;
				GCC_PREPROCESSOR_DEFINITIONS = (
					"DEBUG=1",
					"$(inherited)",
				);
				GCC_WARN_64_TO_32_BIT_CONVERSION = YES;
				GCC_WARN_ABOUT_RETURN_TYPE = YES_ERROR;
				GCC_WARN_UNDECLARED_SELECTOR = YES;
				GCC_WARN_UNINITIALIZED_AUTOS = YES_AGGRESSIVE;
				GCC_WARN_UNUSED_FUNCTION = YES;
				GCC_WARN_UNUSED_VARIABLE = YES;
				IPHONEOS_DEPLOYMENT_TARGET = 17.2;
				LOCALIZATION_PREFERS_STRING_CATALOGS = YES;
				MTL_ENABLE_DEBUG_INFO = INCLUDE_SOURCE;
				MTL_FAST_MATH = YES;
				ONLY_ACTIVE_ARCH = YES;
				SDKROOT = iphoneos;
				SWIFT_ACTIVE_COMPILATION_CONDITIONS = "DEBUG $(inherited)";
				SWIFT_OPTIMIZATION_LEVEL = "-Onone";
			};
			name = Debug;
		};
		5C3F891F2BB14EC600826A0D /* Release */ = {
			isa = XCBuildConfiguration;
			buildSettings = {
				ALWAYS_SEARCH_USER_PATHS = NO;
				ASSETCATALOG_COMPILER_GENERATE_SWIFT_ASSET_SYMBOL_EXTENSIONS = YES;
				CLANG_ANALYZER_NONNULL = YES;
				CLANG_ANALYZER_NUMBER_OBJECT_CONVERSION = YES_AGGRESSIVE;
				CLANG_CXX_LANGUAGE_STANDARD = "gnu++20";
				CLANG_ENABLE_MODULES = YES;
				CLANG_ENABLE_OBJC_ARC = YES;
				CLANG_ENABLE_OBJC_WEAK = YES;
				CLANG_WARN_BLOCK_CAPTURE_AUTORELEASING = YES;
				CLANG_WARN_BOOL_CONVERSION = YES;
				CLANG_WARN_COMMA = YES;
				CLANG_WARN_CONSTANT_CONVERSION = YES;
				CLANG_WARN_DEPRECATED_OBJC_IMPLEMENTATIONS = YES;
				CLANG_WARN_DIRECT_OBJC_ISA_USAGE = YES_ERROR;
				CLANG_WARN_DOCUMENTATION_COMMENTS = YES;
				CLANG_WARN_EMPTY_BODY = YES;
				CLANG_WARN_ENUM_CONVERSION = YES;
				CLANG_WARN_INFINITE_RECURSION = YES;
				CLANG_WARN_INT_CONVERSION = YES;
				CLANG_WARN_NON_LITERAL_NULL_CONVERSION = YES;
				CLANG_WARN_OBJC_IMPLICIT_RETAIN_SELF = YES;
				CLANG_WARN_OBJC_LITERAL_CONVERSION = YES;
				CLANG_WARN_OBJC_ROOT_CLASS = YES_ERROR;
				CLANG_WARN_QUOTED_INCLUDE_IN_FRAMEWORK_HEADER = YES;
				CLANG_WARN_RANGE_LOOP_ANALYSIS = YES;
				CLANG_WARN_STRICT_PROTOTYPES = YES;
				CLANG_WARN_SUSPICIOUS_MOVE = YES;
				CLANG_WARN_UNGUARDED_AVAILABILITY = YES_AGGRESSIVE;
				CLANG_WARN_UNREACHABLE_CODE = YES;
				CLANG_WARN__DUPLICATE_METHOD_MATCH = YES;
				COPY_PHASE_STRIP = NO;
				DEBUG_INFORMATION_FORMAT = "dwarf-with-dsym";
				ENABLE_NS_ASSERTIONS = NO;
				ENABLE_STRICT_OBJC_MSGSEND = YES;
				ENABLE_USER_SCRIPT_SANDBOXING = YES;
				GCC_C_LANGUAGE_STANDARD = gnu17;
				GCC_NO_COMMON_BLOCKS = YES;
				GCC_WARN_64_TO_32_BIT_CONVERSION = YES;
				GCC_WARN_ABOUT_RETURN_TYPE = YES_ERROR;
				GCC_WARN_UNDECLARED_SELECTOR = YES;
				GCC_WARN_UNINITIALIZED_AUTOS = YES_AGGRESSIVE;
				GCC_WARN_UNUSED_FUNCTION = YES;
				GCC_WARN_UNUSED_VARIABLE = YES;
				IPHONEOS_DEPLOYMENT_TARGET = 17.2;
				LOCALIZATION_PREFERS_STRING_CATALOGS = YES;
				MTL_ENABLE_DEBUG_INFO = NO;
				MTL_FAST_MATH = YES;
				SDKROOT = iphoneos;
				SWIFT_COMPILATION_MODE = wholemodule;
				VALIDATE_PRODUCT = YES;
			};
			name = Release;
		};
		5C3F89212BB14EC600826A0D /* Debug */ = {
			isa = XCBuildConfiguration;
			buildSettings = {
				ASSETCATALOG_COMPILER_APPICON_NAME = AppIcon;
				ASSETCATALOG_COMPILER_GLOBAL_ACCENT_COLOR_NAME = AccentColor;
				CODE_SIGN_STYLE = Automatic;
				CURRENT_PROJECT_VERSION = 1;
				DEVELOPMENT_ASSET_PATHS = "\"SpeechDemo/Preview Content\"";
				DEVELOPMENT_TEAM = KVX67TSKSQ;
				ENABLE_PREVIEWS = YES;
				GENERATE_INFOPLIST_FILE = YES;
				INFOPLIST_FILE = SpeechDemo/Info.plist;
				INFOPLIST_KEY_UIApplicationSceneManifest_Generation = YES;
				INFOPLIST_KEY_UIApplicationSupportsIndirectInputEvents = YES;
				INFOPLIST_KEY_UILaunchScreen_Generation = YES;
				INFOPLIST_KEY_UISupportedInterfaceOrientations_iPad = "UIInterfaceOrientationPortrait UIInterfaceOrientationPortraitUpsideDown UIInterfaceOrientationLandscapeLeft UIInterfaceOrientationLandscapeRight";
				INFOPLIST_KEY_UISupportedInterfaceOrientations_iPhone = "UIInterfaceOrientationPortrait UIInterfaceOrientationLandscapeLeft UIInterfaceOrientationLandscapeRight";
				LD_RUNPATH_SEARCH_PATHS = (
					"$(inherited)",
					"@executable_path/Frameworks",
				);
				MARKETING_VERSION = 1.0;
				PRODUCT_BUNDLE_IDENTIFIER = com.SpeechDemo;
				PRODUCT_NAME = "$(TARGET_NAME)";
				SWIFT_EMIT_LOC_STRINGS = YES;
				SWIFT_VERSION = 5.0;
				TARGETED_DEVICE_FAMILY = "1,2";
			};
			name = Debug;
		};
		5C3F89222BB14EC600826A0D /* Release */ = {
			isa = XCBuildConfiguration;
			buildSettings = {
				ASSETCATALOG_COMPILER_APPICON_NAME = AppIcon;
				ASSETCATALOG_COMPILER_GLOBAL_ACCENT_COLOR_NAME = AccentColor;
				CODE_SIGN_STYLE = Automatic;
				CURRENT_PROJECT_VERSION = 1;
				DEVELOPMENT_ASSET_PATHS = "\"SpeechDemo/Preview Content\"";
				DEVELOPMENT_TEAM = KVX67TSKSQ;
				ENABLE_PREVIEWS = YES;
				GENERATE_INFOPLIST_FILE = YES;
				INFOPLIST_FILE = SpeechDemo/Info.plist;
				INFOPLIST_KEY_UIApplicationSceneManifest_Generation = YES;
				INFOPLIST_KEY_UIApplicationSupportsIndirectInputEvents = YES;
				INFOPLIST_KEY_UILaunchScreen_Generation = YES;
				INFOPLIST_KEY_UISupportedInterfaceOrientations_iPad = "UIInterfaceOrientationPortrait UIInterfaceOrientationPortraitUpsideDown UIInterfaceOrientationLandscapeLeft UIInterfaceOrientationLandscapeRight";
				INFOPLIST_KEY_UISupportedInterfaceOrientations_iPhone = "UIInterfaceOrientationPortrait UIInterfaceOrientationLandscapeLeft UIInterfaceOrientationLandscapeRight";
				LD_RUNPATH_SEARCH_PATHS = (
					"$(inherited)",
					"@executable_path/Frameworks",
				);
				MARKETING_VERSION = 1.0;
				PRODUCT_BUNDLE_IDENTIFIER = com.SpeechDemo;
				PRODUCT_NAME = "$(TARGET_NAME)";
				SWIFT_EMIT_LOC_STRINGS = YES;
				SWIFT_VERSION = 5.0;
				TARGETED_DEVICE_FAMILY = "1,2";
			};
			name = Release;
		};
		5C3F89242BB14EC600826A0D /* Debug */ = {
			isa = XCBuildConfiguration;
			buildSettings = {
				ALWAYS_EMBED_SWIFT_STANDARD_LIBRARIES = YES;
				BUNDLE_LOADER = "$(TEST_HOST)";
				CODE_SIGN_STYLE = Automatic;
				CURRENT_PROJECT_VERSION = 1;
				DEVELOPMENT_TEAM = KVX67TSKSQ;
				GENERATE_INFOPLIST_FILE = YES;
				IPHONEOS_DEPLOYMENT_TARGET = 17.2;
				MARKETING_VERSION = 1.0;
				PRODUCT_BUNDLE_IDENTIFIER = com.SpeechDemoTests;
				PRODUCT_NAME = "$(TARGET_NAME)";
				SWIFT_EMIT_LOC_STRINGS = NO;
				SWIFT_VERSION = 5.0;
				TARGETED_DEVICE_FAMILY = "1,2";
				TEST_HOST = "$(BUILT_PRODUCTS_DIR)/SpeechDemo.app/$(BUNDLE_EXECUTABLE_FOLDER_PATH)/SpeechDemo";
			};
			name = Debug;
		};
		5C3F89252BB14EC600826A0D /* Release */ = {
			isa = XCBuildConfiguration;
			buildSettings = {
				ALWAYS_EMBED_SWIFT_STANDARD_LIBRARIES = YES;
				BUNDLE_LOADER = "$(TEST_HOST)";
				CODE_SIGN_STYLE = Automatic;
				CURRENT_PROJECT_VERSION = 1;
				DEVELOPMENT_TEAM = KVX67TSKSQ;
				GENERATE_INFOPLIST_FILE = YES;
				IPHONEOS_DEPLOYMENT_TARGET = 17.2;
				MARKETING_VERSION = 1.0;
				PRODUCT_BUNDLE_IDENTIFIER = com.SpeechDemoTests;
				PRODUCT_NAME = "$(TARGET_NAME)";
				SWIFT_EMIT_LOC_STRINGS = NO;
				SWIFT_VERSION = 5.0;
				TARGETED_DEVICE_FAMILY = "1,2";
				TEST_HOST = "$(BUILT_PRODUCTS_DIR)/SpeechDemo.app/$(BUNDLE_EXECUTABLE_FOLDER_PATH)/SpeechDemo";
			};
			name = Release;
		};
		5C3F89272BB14EC600826A0D /* Debug */ = {
			isa = XCBuildConfiguration;
			buildSettings = {
				ALWAYS_EMBED_SWIFT_STANDARD_LIBRARIES = YES;
				CODE_SIGN_STYLE = Automatic;
				CURRENT_PROJECT_VERSION = 1;
				DEVELOPMENT_TEAM = KVX67TSKSQ;
				GENERATE_INFOPLIST_FILE = YES;
				MARKETING_VERSION = 1.0;
				PRODUCT_BUNDLE_IDENTIFIER = com.SpeechDemoUITests;
				PRODUCT_NAME = "$(TARGET_NAME)";
				SWIFT_EMIT_LOC_STRINGS = NO;
				SWIFT_VERSION = 5.0;
				TARGETED_DEVICE_FAMILY = "1,2";
				TEST_TARGET_NAME = SpeechDemo;
			};
			name = Debug;
		};
		5C3F89282BB14EC600826A0D /* Release */ = {
			isa = XCBuildConfiguration;
			buildSettings = {
				ALWAYS_EMBED_SWIFT_STANDARD_LIBRARIES = YES;
				CODE_SIGN_STYLE = Automatic;
				CURRENT_PROJECT_VERSION = 1;
				DEVELOPMENT_TEAM = KVX67TSKSQ;
				GENERATE_INFOPLIST_FILE = YES;
				MARKETING_VERSION = 1.0;
				PRODUCT_BUNDLE_IDENTIFIER = com.SpeechDemoUITests;
				PRODUCT_NAME = "$(TARGET_NAME)";
				SWIFT_EMIT_LOC_STRINGS = NO;
				SWIFT_VERSION = 5.0;
				TARGETED_DEVICE_FAMILY = "1,2";
				TEST_TARGET_NAME = SpeechDemo;
			};
			name = Release;
		};
/* End XCBuildConfiguration section */

/* Begin XCConfigurationList section */
		5C3F88F52BB14EC400826A0D /* Build configuration list for PBXProject "SpeechDemo" */ = {
			isa = XCConfigurationList;
			buildConfigurations = (
				5C3F891E2BB14EC600826A0D /* Debug */,
				5C3F891F2BB14EC600826A0D /* Release */,
			);
			defaultConfigurationIsVisible = 0;
			defaultConfigurationName = Release;
		};
		5C3F89202BB14EC600826A0D /* Build configuration list for PBXNativeTarget "SpeechDemo" */ = {
			isa = XCConfigurationList;
			buildConfigurations = (
				5C3F89212BB14EC600826A0D /* Debug */,
				5C3F89222BB14EC600826A0D /* Release */,
			);
			defaultConfigurationIsVisible = 0;
			defaultConfigurationName = Release;
		};
		5C3F89232BB14EC600826A0D /* Build configuration list for PBXNativeTarget "SpeechDemoTests" */ = {
			isa = XCConfigurationList;
			buildConfigurations = (
				5C3F89242BB14EC600826A0D /* Debug */,
				5C3F89252BB14EC600826A0D /* Release */,
			);
			defaultConfigurationIsVisible = 0;
			defaultConfigurationName = Release;
		};
		5C3F89262BB14EC600826A0D /* Build configuration list for PBXNativeTarget "SpeechDemoUITests" */ = {
			isa = XCConfigurationList;
			buildConfigurations = (
				5C3F89272BB14EC600826A0D /* Debug */,
				5C3F89282BB14EC600826A0D /* Release */,
			);
			defaultConfigurationIsVisible = 0;
			defaultConfigurationName = Release;
		};
/* End XCConfigurationList section */
	};
	rootObject = 5C3F88F22BB14EC400826A0D /* Project object */;
}
